
Microsoft Visual Studio Solution File, Format Version 12.00
# Visual Studio Version 16
VisualStudioVersion = 16.0.31321.278
MinimumVisualStudioVersion = 10.0.40219.1
Project("{FAE04EC0-301F-11D3-BF4B-00C04F79EFBC}") = "Trabalho - Gustavo Henrique da Silva", "Trabalho - Gustavo Henrique da Silva.csproj", "{7133C91F-6796-4F90-ABC9-B44483A31A2A}"
EndProject
Global
	GlobalSection(SolutionConfigurationPlatforms) = preSolution
		Debug|Any CPU = Debug|Any CPU
		Release|Any CPU = Release|Any CPU
	EndGlobalSection
	GlobalSection(ProjectConfigurationPlatforms) = postSolution
		{7133C91F-6796-4F90-ABC9-B44483A31A2A}.Debug|Any CPU.ActiveCfg = Debug|Any CPU
		{7133C91F-6796-4F90-ABC9-B44483A31A2A}.Debug|Any CPU.Build.0 = Debug|Any CPU
		{7133C91F-6796-4F90-ABC9-B44483A31A2A}.Release|Any CPU.ActiveCfg = Release|Any CPU
		{7133C91F-6796-4F90-ABC9-B44483A31A2A}.Release|Any CPU.Build.0 = Release|Any CPU
	EndGlobalSection
	GlobalSection(SolutionProperties) = preSolution
		HideSolutionNode = FALSE
	EndGlobalSection
	GlobalSection(ExtensibilityGlobals) = postSolution
		SolutionGuid = {A79640E7-8282-4D16-9803-9319DB27DA82}
	EndGlobalSection
EndGlobal
